
Microsoft Visual Studio Solution File, Format Version 12.00
# Visual Studio 15
VisualStudioVersion = 15.0.26730.16
MinimumVisualStudioVersion = 10.0.40219.1
Project("{FAE04EC0-301F-11D3-BF4B-00C04F79EFBC}") = "Xamarin_demos.Android", "Xamarin-demos\Xamarin_demos.Android\Xamarin_demos.Android.csproj", "{1AA65A4E-1799-45A0-8831-BA34097E4127}"
EndProject
Project("{FAE04EC0-301F-11D3-BF4B-00C04F79EFBC}") = "Xamarin_demos", "Xamarin-demos\Xamarin_demos\Xamarin_demos.csproj", "{5DA89433-A317-4FE3-A0AD-84D2B1F5216B}"
EndProject
Project("{FAE04EC0-301F-11D3-BF4B-00C04F79EFBC}") = "Xamarin_demos.UWP", "Xamarin-demos\Xamarin_demos.UWP\Xamarin_demos.UWP.csproj", "{F089C8FA-1FAE-4A29-B662-A6A0B27F801F}"
EndProject
Project("{FAE04EC0-301F-11D3-BF4B-00C04F79EFBC}") = "Xamarin_demos.iOS", "Xamarin-demos\Xamarin_demos.iOS\Xamarin_demos.iOS.csproj", "{043B7774-7F14-42F8-A75A-1780471A2884}"
EndProject
Global
	GlobalSection(SolutionConfigurationPlatforms) = preSolution
		Ad-Hoc|Any CPU = Ad-Hoc|Any CPU
		Ad-Hoc|ARM = Ad-Hoc|ARM
		Ad-Hoc|iPhone = Ad-Hoc|iPhone
		Ad-Hoc|iPhoneSimulator = Ad-Hoc|iPhoneSimulator
		Ad-Hoc|x64 = Ad-Hoc|x64
		Ad-Hoc|x86 = Ad-Hoc|x86
		AppStore|Any CPU = AppStore|Any CPU
		AppStore|ARM = AppStore|ARM
		AppStore|iPhone = AppStore|iPhone
		AppStore|iPhoneSimulator = AppStore|iPhoneSimulator
		AppStore|x64 = AppStore|x64
		AppStore|x86 = AppStore|x86
		Debug|Any CPU = Debug|Any CPU
		Debug|ARM = Debug|ARM
		Debug|iPhone = Debug|iPhone
		Debug|iPhoneSimulator = Debug|iPhoneSimulator
		Debug|x64 = Debug|x64
		Debug|x86 = Debug|x86
		Release|Any CPU = Release|Any CPU
		Release|ARM = Release|ARM
		Release|iPhone = Release|iPhone
		Release|iPhoneSimulator = Release|iPhoneSimulator
		Release|x64 = Release|x64
		Release|x86 = Release|x86
	EndGlobalSection
	GlobalSection(ProjectConfigurationPlatforms) = postSolution
		{1AA65A4E-1799-45A0-8831-BA34097E4127}.Ad-Hoc|Any CPU.ActiveCfg = Release|Any CPU
		{1AA65A4E-1799-45A0-8831-BA34097E4127}.Ad-Hoc|Any CPU.Build.0 = Release|Any CPU
		{1AA65A4E-1799-45A0-8831-BA34097E4127}.Ad-Hoc|Any CPU.Deploy.0 = Release|Any CPU
		{1AA65A4E-1799-45A0-8831-BA34097E4127}.Ad-Hoc|ARM.ActiveCfg = Release|Any CPU
		{1AA65A4E-1799-45A0-8831-BA34097E4127}.Ad-Hoc|ARM.Build.0 = Release|Any CPU
		{1AA65A4E-1799-45A0-8831-BA34097E4127}.Ad-Hoc|ARM.Deploy.0 = Release|Any CPU
		{1AA65A4E-1799-45A0-8831-BA34097E4127}.Ad-Hoc|iPhone.ActiveCfg = Release|Any CPU
		{1AA65A4E-1799-45A0-8831-BA34097E4127}.Ad-Hoc|iPhone.Build.0 = Release|Any CPU
		{1AA65A4E-1799-45A0-8831-BA34097E4127}.Ad-Hoc|iPhone.Deploy.0 = Release|Any CPU
		{1AA65A4E-1799-45A0-8831-BA34097E4127}.Ad-Hoc|iPhoneSimulator.ActiveCfg = Release|Any CPU
		{1AA65A4E-1799-45A0-8831-BA34097E4127}.Ad-Hoc|iPhoneSimulator.Build.0 = Release|Any CPU
		{1AA65A4E-1799-45A0-8831-BA34097E4127}.Ad-Hoc|iPhoneSimulator.Deploy.0 = Release|Any CPU
		{1AA65A4E-1799-45A0-8831-BA34097E4127}.Ad-Hoc|x64.ActiveCfg = Release|Any CPU
		{1AA65A4E-1799-45A0-8831-BA34097E4127}.Ad-Hoc|x64.Build.0 = Release|Any CPU
		{1AA65A4E-1799-45A0-8831-BA34097E4127}.Ad-Hoc|x64.Deploy.0 = Release|Any CPU
		{1AA65A4E-1799-45A0-8831-BA34097E4127}.Ad-Hoc|x86.ActiveCfg = Release|Any CPU
		{1AA65A4E-1799-45A0-8831-BA34097E4127}.Ad-Hoc|x86.Build.0 = Release|Any CPU
		{1AA65A4E-1799-45A0-8831-BA34097E4127}.Ad-Hoc|x86.Deploy.0 = Release|Any CPU
		{1AA65A4E-1799-45A0-8831-BA34097E4127}.AppStore|Any CPU.ActiveCfg = Release|Any CPU
		{1AA65A4E-1799-45A0-8831-BA34097E4127}.AppStore|Any CPU.Build.0 = Release|Any CPU
		{1AA65A4E-1799-45A0-8831-BA34097E4127}.AppStore|Any CPU.Deploy.0 = Release|Any CPU
		{1AA65A4E-1799-45A0-8831-BA34097E4127}.AppStore|ARM.ActiveCfg = Release|Any CPU
		{1AA65A4E-1799-45A0-8831-BA34097E4127}.AppStore|ARM.Build.0 = Release|Any CPU
		{1AA65A4E-1799-45A0-8831-BA34097E4127}.AppStore|ARM.Deploy.0 = Release|Any CPU
		{1AA65A4E-1799-45A0-8831-BA34097E4127}.AppStore|iPhone.ActiveCfg = Release|Any CPU
		{1AA65A4E-1799-45A0-8831-BA34097E4127}.AppStore|iPhone.Build.0 = Release|Any CPU
		{1AA65A4E-1799-45A0-8831-BA34097E4127}.AppStore|iPhone.Deploy.0 = Release|Any CPU
		{1AA65A4E-1799-45A0-8831-BA34097E4127}.AppStore|iPhoneSimulator.ActiveCfg = Release|Any CPU
		{1AA65A4E-1799-45A0-8831-BA34097E4127}.AppStore|iPhoneSimulator.Build.0 = Release|Any CPU
		{1AA65A4E-1799-45A0-8831-BA34097E4127}.AppStore|iPhoneSimulator.Deploy.0 = Release|Any CPU
		{1AA65A4E-1799-45A0-8831-BA34097E4127}.AppStore|x64.ActiveCfg = Release|Any CPU
		{1AA65A4E-1799-45A0-8831-BA34097E4127}.AppStore|x64.Build.0 = Release|Any CPU
		{1AA65A4E-1799-45A0-8831-BA34097E4127}.AppStore|x64.Deploy.0 = Release|Any CPU
		{1AA65A4E-1799-45A0-8831-BA34097E4127}.AppStore|x86.ActiveCfg = Release|Any CPU
		{1AA65A4E-1799-45A0-8831-BA34097E4127}.AppStore|x86.Build.0 = Release|Any CPU
		{1AA65A4E-1799-45A0-8831-BA34097E4127}.AppStore|x86.Deploy.0 = Release|Any CPU
		{1AA65A4E-1799-45A0-8831-BA34097E4127}.Debug|Any CPU.ActiveCfg = Debug|Any CPU
		{1AA65A4E-1799-45A0-8831-BA34097E4127}.Debug|Any CPU.Build.0 = Debug|Any CPU
		{1AA65A4E-1799-45A0-8831-BA34097E4127}.Debug|Any CPU.Deploy.0 = Debug|Any CPU
		{1AA65A4E-1799-45A0-8831-BA34097E4127}.Debug|ARM.ActiveCfg = Debug|Any CPU
		{1AA65A4E-1799-45A0-8831-BA34097E4127}.Debug|ARM.Build.0 = Debug|Any CPU
		{1AA65A4E-1799-45A0-8831-BA34097E4127}.Debug|ARM.Deploy.0 = Debug|Any CPU
		{1AA65A4E-1799-45A0-8831-BA34097E4127}.Debug|iPhone.ActiveCfg = Debug|Any CPU
		{1AA65A4E-1799-45A0-8831-BA34097E4127}.Debug|iPhone.Build.0 = Debug|Any CPU
		{1AA65A4E-1799-45A0-8831-BA34097E4127}.Debug|iPhone.Deploy.0 = Debug|Any CPU
		{1AA65A4E-1799-45A0-8831-BA34097E4127}.Debug|iPhoneSimulator.ActiveCfg = Debug|Any CPU
		{1AA65A4E-1799-45A0-8831-BA34097E4127}.Debug|iPhoneSimulator.Build.0 = Debug|Any CPU
		{1AA65A4E-1799-45A0-8831-BA34097E4127}.Debug|iPhoneSimulator.Deploy.0 = Debug|Any CPU
		{1AA65A4E-1799-45A0-8831-BA34097E4127}.Debug|x64.ActiveCfg = Debug|Any CPU
		{1AA65A4E-1799-45A0-8831-BA34097E4127}.Debug|x64.Build.0 = Debug|Any CPU
		{1AA65A4E-1799-45A0-8831-BA34097E4127}.Debug|x64.Deploy.0 = Debug|Any CPU
		{1AA65A4E-1799-45A0-8831-BA34097E4127}.Debug|x86.ActiveCfg = Debug|Any CPU
		{1AA65A4E-1799-45A0-8831-BA34097E4127}.Debug|x86.Build.0 = Debug|Any CPU
		{1AA65A4E-1799-45A0-8831-BA34097E4127}.Debug|x86.Deploy.0 = Debug|Any CPU
		{1AA65A4E-1799-45A0-8831-BA34097E4127}.Release|Any CPU.ActiveCfg = Release|Any CPU
		{1AA65A4E-1799-45A0-8831-BA34097E4127}.Release|Any CPU.Build.0 = Release|Any CPU
		{1AA65A4E-1799-45A0-8831-BA34097E4127}.Release|Any CPU.Deploy.0 = Release|Any CPU
		{1AA65A4E-1799-45A0-8831-BA34097E4127}.Release|ARM.ActiveCfg = Release|Any CPU
		{1AA65A4E-1799-45A0-8831-BA34097E4127}.Release|ARM.Build.0 = Release|Any CPU
		{1AA65A4E-1799-45A0-8831-BA34097E4127}.Release|ARM.Deploy.0 = Release|Any CPU
		{1AA65A4E-1799-45A0-8831-BA34097E4127}.Release|iPhone.ActiveCfg = Release|Any CPU
		{1AA65A4E-1799-45A0-8831-BA34097E4127}.Release|iPhone.Build.0 = Release|Any CPU
		{1AA65A4E-1799-45A0-8831-BA34097E4127}.Release|iPhone.Deploy.0 = Release|Any CPU
		{1AA65A4E-1799-45A0-8831-BA34097E4127}.Release|iPhoneSimulator.ActiveCfg = Release|Any CPU
		{1AA65A4E-1799-45A0-8831-BA34097E4127}.Release|iPhoneSimulator.Build.0 = Release|Any CPU
		{1AA65A4E-1799-45A0-8831-BA34097E4127}.Release|iPhoneSimulator.Deploy.0 = Release|Any CPU
		{1AA65A4E-1799-45A0-8831-BA34097E4127}.Release|x64.ActiveCfg = Release|Any CPU
		{1AA65A4E-1799-45A0-8831-BA34097E4127}.Release|x64.Build.0 = Release|Any CPU
		{1AA65A4E-1799-45A0-8831-BA34097E4127}.Release|x64.Deploy.0 = Release|Any CPU
		{1AA65A4E-1799-45A0-8831-BA34097E4127}.Release|x86.ActiveCfg = Release|Any CPU
		{1AA65A4E-1799-45A0-8831-BA34097E4127}.Release|x86.Build.0 = Release|Any CPU
		{1AA65A4E-1799-45A0-8831-BA34097E4127}.Release|x86.Deploy.0 = Release|Any CPU
		{5DA89433-A317-4FE3-A0AD-84D2B1F5216B}.Ad-Hoc|Any CPU.ActiveCfg = Release|Any CPU
		{5DA89433-A317-4FE3-A0AD-84D2B1F5216B}.Ad-Hoc|Any CPU.Build.0 = Release|Any CPU
		{5DA89433-A317-4FE3-A0AD-84D2B1F5216B}.Ad-Hoc|ARM.ActiveCfg = Release|Any CPU
		{5DA89433-A317-4FE3-A0AD-84D2B1F5216B}.Ad-Hoc|ARM.Build.0 = Release|Any CPU
		{5DA89433-A317-4FE3-A0AD-84D2B1F5216B}.Ad-Hoc|iPhone.ActiveCfg = Release|Any CPU
		{5DA89433-A317-4FE3-A0AD-84D2B1F5216B}.Ad-Hoc|iPhone.Build.0 = Release|Any CPU
		{5DA89433-A317-4FE3-A0AD-84D2B1F5216B}.Ad-Hoc|iPhoneSimulator.ActiveCfg = Release|Any CPU
		{5DA89433-A317-4FE3-A0AD-84D2B1F5216B}.Ad-Hoc|iPhoneSimulator.Build.0 = Release|Any CPU
		{5DA89433-A317-4FE3-A0AD-84D2B1F5216B}.Ad-Hoc|x64.ActiveCfg = Release|Any CPU
		{5DA89433-A317-4FE3-A0AD-84D2B1F5216B}.Ad-Hoc|x64.Build.0 = Release|Any CPU
		{5DA89433-A317-4FE3-A0AD-84D2B1F5216B}.Ad-Hoc|x86.ActiveCfg = Release|Any CPU
		{5DA89433-A317-4FE3-A0AD-84D2B1F5216B}.Ad-Hoc|x86.Build.0 = Release|Any CPU
		{5DA89433-A317-4FE3-A0AD-84D2B1F5216B}.AppStore|Any CPU.ActiveCfg = Release|Any CPU
		{5DA89433-A317-4FE3-A0AD-84D2B1F5216B}.AppStore|Any CPU.Build.0 = Release|Any CPU
		{5DA89433-A317-4FE3-A0AD-84D2B1F5216B}.AppStore|ARM.ActiveCfg = Release|Any CPU
		{5DA89433-A317-4FE3-A0AD-84D2B1F5216B}.AppStore|ARM.Build.0 = Release|Any CPU
		{5DA89433-A317-4FE3-A0AD-84D2B1F5216B}.AppStore|iPhone.ActiveCfg = Release|Any CPU
		{5DA89433-A317-4FE3-A0AD-84D2B1F5216B}.AppStore|iPhone.Build.0 = Release|Any CPU
		{5DA89433-A317-4FE3-A0AD-84D2B1F5216B}.AppStore|iPhoneSimulator.ActiveCfg = Release|Any CPU
		{5DA89433-A317-4FE3-A0AD-84D2B1F5216B}.AppStore|iPhoneSimulator.Build.0 = Release|Any CPU
		{5DA89433-A317-4FE3-A0AD-84D2B1F5216B}.AppStore|x64.ActiveCfg = Release|Any CPU
		{5DA89433-A317-4FE3-A0AD-84D2B1F5216B}.AppStore|x64.Build.0 = Release|Any CPU
		{5DA89433-A317-4FE3-A0AD-84D2B1F5216B}.AppStore|x86.ActiveCfg = Release|Any CPU
		{5DA89433-A317-4FE3-A0AD-84D2B1F5216B}.AppStore|x86.Build.0 = Release|Any CPU
		{5DA89433-A317-4FE3-A0AD-84D2B1F5216B}.Debug|Any CPU.ActiveCfg = Debug|Any CPU
		{5DA89433-A317-4FE3-A0AD-84D2B1F5216B}.Debug|Any CPU.Build.0 = Debug|Any CPU
		{5DA89433-A317-4FE3-A0AD-84D2B1F5216B}.Debug|ARM.ActiveCfg = Debug|Any CPU
		{5DA89433-A317-4FE3-A0AD-84D2B1F5216B}.Debug|ARM.Build.0 = Debug|Any CPU
		{5DA89433-A317-4FE3-A0AD-84D2B1F5216B}.Debug|iPhone.ActiveCfg = Debug|Any CPU
		{5DA89433-A317-4FE3-A0AD-84D2B1F5216B}.Debug|iPhone.Build.0 = Debug|Any CPU
		{5DA89433-A317-4FE3-A0AD-84D2B1F5216B}.Debug|iPhoneSimulator.ActiveCfg = Debug|Any CPU
		{5DA89433-A317-4FE3-A0AD-84D2B1F5216B}.Debug|iPhoneSimulator.Build.0 = Debug|Any CPU
		{5DA89433-A317-4FE3-A0AD-84D2B1F5216B}.Debug|x64.ActiveCfg = Debug|Any CPU
		{5DA89433-A317-4FE3-A0AD-84D2B1F5216B}.Debug|x64.Build.0 = Debug|Any CPU
		{5DA89433-A317-4FE3-A0AD-84D2B1F5216B}.Debug|x86.ActiveCfg = Debug|Any CPU
		{5DA89433-A317-4FE3-A0AD-84D2B1F5216B}.Debug|x86.Build.0 = Debug|Any CPU
		{5DA89433-A317-4FE3-A0AD-84D2B1F5216B}.Release|Any CPU.ActiveCfg = Release|Any CPU
		{5DA89433-A317-4FE3-A0AD-84D2B1F5216B}.Release|Any CPU.Build.0 = Release|Any CPU
		{5DA89433-A317-4FE3-A0AD-84D2B1F5216B}.Release|ARM.ActiveCfg = Release|Any CPU
		{5DA89433-A317-4FE3-A0AD-84D2B1F5216B}.Release|ARM.Build.0 = Release|Any CPU
		{5DA89433-A317-4FE3-A0AD-84D2B1F5216B}.Release|iPhone.ActiveCfg = Release|Any CPU
		{5DA89433-A317-4FE3-A0AD-84D2B1F5216B}.Release|iPhone.Build.0 = Release|Any CPU
		{5DA89433-A317-4FE3-A0AD-84D2B1F5216B}.Release|iPhoneSimulator.ActiveCfg = Release|Any CPU
		{5DA89433-A317-4FE3-A0AD-84D2B1F5216B}.Release|iPhoneSimulator.Build.0 = Release|Any CPU
		{5DA89433-A317-4FE3-A0AD-84D2B1F5216B}.Release|x64.ActiveCfg = Release|Any CPU
		{5DA89433-A317-4FE3-A0AD-84D2B1F5216B}.Release|x64.Build.0 = Release|Any CPU
		{5DA89433-A317-4FE3-A0AD-84D2B1F5216B}.Release|x86.ActiveCfg = Release|Any CPU
		{5DA89433-A317-4FE3-A0AD-84D2B1F5216B}.Release|x86.Build.0 = Release|Any CPU
		{F089C8FA-1FAE-4A29-B662-A6A0B27F801F}.Ad-Hoc|Any CPU.ActiveCfg = Release|x86
		{F089C8FA-1FAE-4A29-B662-A6A0B27F801F}.Ad-Hoc|Any CPU.Build.0 = Release|x86
		{F089C8FA-1FAE-4A29-B662-A6A0B27F801F}.Ad-Hoc|Any CPU.Deploy.0 = Release|x86
		{F089C8FA-1FAE-4A29-B662-A6A0B27F801F}.Ad-Hoc|ARM.ActiveCfg = Release|ARM
		{F089C8FA-1FAE-4A29-B662-A6A0B27F801F}.Ad-Hoc|ARM.Build.0 = Release|ARM
		{F089C8FA-1FAE-4A29-B662-A6A0B27F801F}.Ad-Hoc|ARM.Deploy.0 = Release|ARM
		{F089C8FA-1FAE-4A29-B662-A6A0B27F801F}.Ad-Hoc|iPhone.ActiveCfg = Release|x86
		{F089C8FA-1FAE-4A29-B662-A6A0B27F801F}.Ad-Hoc|iPhone.Build.0 = Release|x86
		{F089C8FA-1FAE-4A29-B662-A6A0B27F801F}.Ad-Hoc|iPhone.Deploy.0 = Release|x86
		{F089C8FA-1FAE-4A29-B662-A6A0B27F801F}.Ad-Hoc|iPhoneSimulator.ActiveCfg = Release|x86
		{F089C8FA-1FAE-4A29-B662-A6A0B27F801F}.Ad-Hoc|iPhoneSimulator.Build.0 = Release|x86
		{F089C8FA-1FAE-4A29-B662-A6A0B27F801F}.Ad-Hoc|iPhoneSimulator.Deploy.0 = Release|x86
		{F089C8FA-1FAE-4A29-B662-A6A0B27F801F}.Ad-Hoc|x64.ActiveCfg = Release|x64
		{F089C8FA-1FAE-4A29-B662-A6A0B27F801F}.Ad-Hoc|x64.Build.0 = Release|x64
		{F089C8FA-1FAE-4A29-B662-A6A0B27F801F}.Ad-Hoc|x64.Deploy.0 = Release|x64
		{F089C8FA-1FAE-4A29-B662-A6A0B27F801F}.Ad-Hoc|x86.ActiveCfg = Release|x86
		{F089C8FA-1FAE-4A29-B662-A6A0B27F801F}.Ad-Hoc|x86.Build.0 = Release|x86
		{F089C8FA-1FAE-4A29-B662-A6A0B27F801F}.Ad-Hoc|x86.Deploy.0 = Release|x86
		{F089C8FA-1FAE-4A29-B662-A6A0B27F801F}.AppStore|Any CPU.ActiveCfg = Release|x86
		{F089C8FA-1FAE-4A29-B662-A6A0B27F801F}.AppStore|Any CPU.Build.0 = Release|x86
		{F089C8FA-1FAE-4A29-B662-A6A0B27F801F}.AppStore|Any CPU.Deploy.0 = Release|x86
		{F089C8FA-1FAE-4A29-B662-A6A0B27F801F}.AppStore|ARM.ActiveCfg = Release|ARM
		{F089C8FA-1FAE-4A29-B662-A6A0B27F801F}.AppStore|ARM.Build.0 = Release|ARM
		{F089C8FA-1FAE-4A29-B662-A6A0B27F801F}.AppStore|ARM.Deploy.0 = Release|ARM
		{F089C8FA-1FAE-4A29-B662-A6A0B27F801F}.AppStore|iPhone.ActiveCfg = Release|x86
		{F089C8FA-1FAE-4A29-B662-A6A0B27F801F}.AppStore|iPhone.Build.0 = Release|x86
		{F089C8FA-1FAE-4A29-B662-A6A0B27F801F}.AppStore|iPhone.Deploy.0 = Release|x86
		{F089C8FA-1FAE-4A29-B662-A6A0B27F801F}.AppStore|iPhoneSimulator.ActiveCfg = Release|x86
		{F089C8FA-1FAE-4A29-B662-A6A0B27F801F}.AppStore|iPhoneSimulator.Build.0 = Release|x86
		{F089C8FA-1FAE-4A29-B662-A6A0B27F801F}.AppStore|iPhoneSimulator.Deploy.0 = Release|x86
		{F089C8FA-1FAE-4A29-B662-A6A0B27F801F}.AppStore|x64.ActiveCfg = Release|x64
		{F089C8FA-1FAE-4A29-B662-A6A0B27F801F}.AppStore|x64.Build.0 = Release|x64
		{F089C8FA-1FAE-4A29-B662-A6A0B27F801F}.AppStore|x64.Deploy.0 = Release|x64
		{F089C8FA-1FAE-4A29-B662-A6A0B27F801F}.AppStore|x86.ActiveCfg = Release|x86
		{F089C8FA-1FAE-4A29-B662-A6A0B27F801F}.AppStore|x86.Build.0 = Release|x86
		{F089C8FA-1FAE-4A29-B662-A6A0B27F801F}.AppStore|x86.Deploy.0 = Release|x86
		{F089C8FA-1FAE-4A29-B662-A6A0B27F801F}.Debug|Any CPU.ActiveCfg = Debug|x86
		{F089C8FA-1FAE-4A29-B662-A6A0B27F801F}.Debug|ARM.ActiveCfg = Debug|ARM
		{F089C8FA-1FAE-4A29-B662-A6A0B27F801F}.Debug|ARM.Build.0 = Debug|ARM
		{F089C8FA-1FAE-4A29-B662-A6A0B27F801F}.Debug|ARM.Deploy.0 = Debug|ARM
		{F089C8FA-1FAE-4A29-B662-A6A0B27F801F}.Debug|iPhone.ActiveCfg = Debug|x86
		{F089C8FA-1FAE-4A29-B662-A6A0B27F801F}.Debug|iPhoneSimulator.ActiveCfg = Debug|x86
		{F089C8FA-1FAE-4A29-B662-A6A0B27F801F}.Debug|x64.ActiveCfg = Debug|x64
		{F089C8FA-1FAE-4A29-B662-A6A0B27F801F}.Debug|x64.Build.0 = Debug|x64
		{F089C8FA-1FAE-4A29-B662-A6A0B27F801F}.Debug|x64.Deploy.0 = Debug|x64
		{F089C8FA-1FAE-4A29-B662-A6A0B27F801F}.Debug|x86.ActiveCfg = Debug|x86
		{F089C8FA-1FAE-4A29-B662-A6A0B27F801F}.Debug|x86.Build.0 = Debug|x86
		{F089C8FA-1FAE-4A29-B662-A6A0B27F801F}.Debug|x86.Deploy.0 = Debug|x86
		{F089C8FA-1FAE-4A29-B662-A6A0B27F801F}.Release|Any CPU.ActiveCfg = Release|x86
		{F089C8FA-1FAE-4A29-B662-A6A0B27F801F}.Release|ARM.ActiveCfg = Release|ARM
		{F089C8FA-1FAE-4A29-B662-A6A0B27F801F}.Release|ARM.Build.0 = Release|ARM
		{F089C8FA-1FAE-4A29-B662-A6A0B27F801F}.Release|ARM.Deploy.0 = Release|ARM
		{F089C8FA-1FAE-4A29-B662-A6A0B27F801F}.Release|iPhone.ActiveCfg = Release|x86
		{F089C8FA-1FAE-4A29-B662-A6A0B27F801F}.Release|iPhoneSimulator.ActiveCfg = Release|x86
		{F089C8FA-1FAE-4A29-B662-A6A0B27F801F}.Release|x64.ActiveCfg = Release|x64
		{F089C8FA-1FAE-4A29-B662-A6A0B27F801F}.Release|x64.Build.0 = Release|x64
		{F089C8FA-1FAE-4A29-B662-A6A0B27F801F}.Release|x64.Deploy.0 = Release|x64
		{F089C8FA-1FAE-4A29-B662-A6A0B27F801F}.Release|x86.ActiveCfg = Release|x86
		{F089C8FA-1FAE-4A29-B662-A6A0B27F801F}.Release|x86.Build.0 = Release|x86
		{F089C8FA-1FAE-4A29-B662-A6A0B27F801F}.Release|x86.Deploy.0 = Release|x86
		{043B7774-7F14-42F8-A75A-1780471A2884}.Ad-Hoc|Any CPU.ActiveCfg = Ad-Hoc|iPhone
		{043B7774-7F14-42F8-A75A-1780471A2884}.Ad-Hoc|ARM.ActiveCfg = Ad-Hoc|iPhone
		{043B7774-7F14-42F8-A75A-1780471A2884}.Ad-Hoc|iPhone.ActiveCfg = Ad-Hoc|iPhone
		{043B7774-7F14-42F8-A75A-1780471A2884}.Ad-Hoc|iPhone.Build.0 = Ad-Hoc|iPhone
		{043B7774-7F14-42F8-A75A-1780471A2884}.Ad-Hoc|iPhoneSimulator.ActiveCfg = Ad-Hoc|iPhoneSimulator
		{043B7774-7F14-42F8-A75A-1780471A2884}.Ad-Hoc|iPhoneSimulator.Build.0 = Ad-Hoc|iPhoneSimulator
		{043B7774-7F14-42F8-A75A-1780471A2884}.Ad-Hoc|x64.ActiveCfg = Ad-Hoc|iPhone
		{043B7774-7F14-42F8-A75A-1780471A2884}.Ad-Hoc|x86.ActiveCfg = Ad-Hoc|iPhone
		{043B7774-7F14-42F8-A75A-1780471A2884}.AppStore|Any CPU.ActiveCfg = AppStore|iPhone
		{043B7774-7F14-42F8-A75A-1780471A2884}.AppStore|ARM.ActiveCfg = AppStore|iPhone
		{043B7774-7F14-42F8-A75A-1780471A2884}.AppStore|iPhone.ActiveCfg = AppStore|iPhone
		{043B7774-7F14-42F8-A75A-1780471A2884}.AppStore|iPhone.Build.0 = AppStore|iPhone
		{043B7774-7F14-42F8-A75A-1780471A2884}.AppStore|iPhoneSimulator.ActiveCfg = AppStore|iPhoneSimulator
		{043B7774-7F14-42F8-A75A-1780471A2884}.AppStore|iPhoneSimulator.Build.0 = AppStore|iPhoneSimulator
		{043B7774-7F14-42F8-A75A-1780471A2884}.AppStore|x64.ActiveCfg = AppStore|iPhone
		{043B7774-7F14-42F8-A75A-1780471A2884}.AppStore|x86.ActiveCfg = AppStore|iPhone
		{043B7774-7F14-42F8-A75A-1780471A2884}.Debug|Any CPU.ActiveCfg = Debug|iPhone
		{043B7774-7F14-42F8-A75A-1780471A2884}.Debug|ARM.ActiveCfg = Debug|iPhone
		{043B7774-7F14-42F8-A75A-1780471A2884}.Debug|iPhone.ActiveCfg = Debug|iPhone
		{043B7774-7F14-42F8-A75A-1780471A2884}.Debug|iPhone.Build.0 = Debug|iPhone
		{043B7774-7F14-42F8-A75A-1780471A2884}.Debug|iPhoneSimulator.ActiveCfg = Debug|iPhoneSimulator
		{043B7774-7F14-42F8-A75A-1780471A2884}.Debug|iPhoneSimulator.Build.0 = Debug|iPhoneSimulator
		{043B7774-7F14-42F8-A75A-1780471A2884}.Debug|x64.ActiveCfg = Debug|iPhone
		{043B7774-7F14-42F8-A75A-1780471A2884}.Debug|x86.ActiveCfg = Debug|iPhone
		{043B7774-7F14-42F8-A75A-1780471A2884}.Release|Any CPU.ActiveCfg = Release|iPhone
		{043B7774-7F14-42F8-A75A-1780471A2884}.Release|ARM.ActiveCfg = Release|iPhone
		{043B7774-7F14-42F8-A75A-1780471A2884}.Release|iPhone.ActiveCfg = Release|iPhone
		{043B7774-7F14-42F8-A75A-1780471A2884}.Release|iPhone.Build.0 = Release|iPhone
		{043B7774-7F14-42F8-A75A-1780471A2884}.Release|iPhoneSimulator.ActiveCfg = Release|iPhoneSimulator
		{043B7774-7F14-42F8-A75A-1780471A2884}.Release|iPhoneSimulator.Build.0 = Release|iPhoneSimulator
		{043B7774-7F14-42F8-A75A-1780471A2884}.Release|x64.ActiveCfg = Release|iPhone
		{043B7774-7F14-42F8-A75A-1780471A2884}.Release|x86.ActiveCfg = Release|iPhone
	EndGlobalSection
	GlobalSection(SolutionProperties) = preSolution
		HideSolutionNode = FALSE
	EndGlobalSection
	GlobalSection(ExtensibilityGlobals) = postSolution
		SolutionGuid = {3926F89C-F734-4C03-AD6E-98DECB9CCA5B}
	EndGlobalSection
EndGlobal
